
Microsoft Visual Studio Solution File, Format Version 12.00
# Visual Studio Version 16
VisualStudioVersion = 16.0.29911.84
MinimumVisualStudioVersion = 10.0.40219.1
Project("{FAE04EC0-301F-11D3-BF4B-00C04F79EFBC}") = "Prototype Shallow", "Prototype Shallow.csproj", "{249AFF92-45AF-466D-AA77-8960BD209C03}"
EndProject
Global
	GlobalSection(SolutionConfigurationPlatforms) = preSolution
		Debug|Any CPU = Debug|Any CPU
		Release|Any CPU = Release|Any CPU
	EndGlobalSection
	GlobalSection(ProjectConfigurationPlatforms) = postSolution
		{249AFF92-45AF-466D-AA77-8960BD209C03}.Debug|Any CPU.ActiveCfg = Debug|Any CPU
		{249AFF92-45AF-466D-AA77-8960BD209C03}.Debug|Any CPU.Build.0 = Debug|Any CPU
		{249AFF92-45AF-466D-AA77-8960BD209C03}.Release|Any CPU.ActiveCfg = Release|Any CPU
		{249AFF92-45AF-466D-AA77-8960BD209C03}.Release|Any CPU.Build.0 = Release|Any CPU
	EndGlobalSection
	GlobalSection(SolutionProperties) = preSolution
		HideSolutionNode = FALSE
	EndGlobalSection
	GlobalSection(ExtensibilityGlobals) = postSolution
		SolutionGuid = {C03F49C5-314C-4D99-A0D3-325BD860C2DF}
	EndGlobalSection
EndGlobal
