
Microsoft Visual Studio Solution File, Format Version 12.00
# Visual Studio Version 16
VisualStudioVersion = 16.0.29911.84
MinimumVisualStudioVersion = 10.0.40219.1
Project("{FAE04EC0-301F-11D3-BF4B-00C04F79EFBC}") = "Singleton", "Singleton.csproj", "{082FB967-A3D8-4BF8-8EEB-F53E20B8BC84}"
EndProject
Global
	GlobalSection(SolutionConfigurationPlatforms) = preSolution
		Debug|Any CPU = Debug|Any CPU
		Release|Any CPU = Release|Any CPU
	EndGlobalSection
	GlobalSection(ProjectConfigurationPlatforms) = postSolution
		{082FB967-A3D8-4BF8-8EEB-F53E20B8BC84}.Debug|Any CPU.ActiveCfg = Debug|Any CPU
		{082FB967-A3D8-4BF8-8EEB-F53E20B8BC84}.Debug|Any CPU.Build.0 = Debug|Any CPU
		{082FB967-A3D8-4BF8-8EEB-F53E20B8BC84}.Release|Any CPU.ActiveCfg = Release|Any CPU
		{082FB967-A3D8-4BF8-8EEB-F53E20B8BC84}.Release|Any CPU.Build.0 = Release|Any CPU
	EndGlobalSection
	GlobalSection(SolutionProperties) = preSolution
		HideSolutionNode = FALSE
	EndGlobalSection
	GlobalSection(ExtensibilityGlobals) = postSolution
		SolutionGuid = {863A30B2-B6DB-4F8F-8A5D-DB8660EF21C7}
	EndGlobalSection
EndGlobal
